
Microsoft Visual Studio Solution File, Format Version 12.00
# Visual Studio Version 17
VisualStudioVersion = 17.6.33723.286
MinimumVisualStudioVersion = 10.0.40219.1
Project("{9A19103F-16F7-4668-BE54-9A1E7A4F7556}") = "Metalama.Patterns.Contracts", "src\Metalama.Patterns.Contracts\Metalama.Patterns.Contracts.csproj", "{12E3DA18-78CA-4602-A303-FDA7EE940C1B}"
EndProject
Project("{2150E333-8FDC-42A3-9474-1A3956D46DE8}") = "Tests", "Tests", "{E12768A6-6B76-489F-8328-AECDFD8BC558}"
EndProject
Project("{9A19103F-16F7-4668-BE54-9A1E7A4F7556}") = "Metalama.Patterns.Contracts.UnitTests", "src\tests\Metalama.Patterns.Contracts.UnitTests\Metalama.Patterns.Contracts.UnitTests.csproj", "{C972CEEA-60FA-4DD4-BEEC-A5FDDF451D50}"
EndProject
Project("{9A19103F-16F7-4668-BE54-9A1E7A4F7556}") = "Metalama.Patterns.Contracts.AspectTests", "src\tests\Metalama.Patterns.Contracts.AspectTests\Metalama.Patterns.Contracts.AspectTests.csproj", "{1AA4A67D-1A09-4E67-A1B5-4A34C1AAF7EB}"
EndProject
Project("{9A19103F-16F7-4668-BE54-9A1E7A4F7556}") = "Flashtrace.Formatters", "src\Flashtrace.Formatters\Flashtrace.Formatters.csproj", "{DE1E2AA5-3AD6-4220-9473-8051B8EB774E}"
EndProject
Project("{9A19103F-16F7-4668-BE54-9A1E7A4F7556}") = "Flashtrace.Formatters.UnitTests", "src\tests\Flashtrace.Formatters.UnitTests\Flashtrace.Formatters.UnitTests.csproj", "{B4DEDFF6-9BBC-4C2B-90BB-7A1C8473CDC0}"
EndProject
Project("{9A19103F-16F7-4668-BE54-9A1E7A4F7556}") = "Flashtrace", "src\Flashtrace\Flashtrace.csproj", "{2F65B1B4-6FD2-40A9-A293-437FF620157E}"
EndProject
Project("{9A19103F-16F7-4668-BE54-9A1E7A4F7556}") = "Flashtrace.UnitTests", "src\tests\Flashtrace.UnitTests\Flashtrace.UnitTests.csproj", "{900FC057-DB84-486F-81C2-ED3F8D284E61}"
EndProject
Project("{9A19103F-16F7-4668-BE54-9A1E7A4F7556}") = "Metalama.Patterns.Caching", "src\Metalama.Patterns.Caching\Metalama.Patterns.Caching.csproj", "{84209D4B-E033-4F2E-8E87-7AEA55A36E4C}"
EndProject
Project("{9A19103F-16F7-4668-BE54-9A1E7A4F7556}") = "Metalama.Patterns.Caching.Backends.Azure", "src\Metalama.Patterns.Caching.Backends.Azure\Metalama.Patterns.Caching.Backends.Azure.csproj", "{ECDEC749-B34B-4BE2-AEEF-55C85CD6A82D}"
EndProject
Project("{9A19103F-16F7-4668-BE54-9A1E7A4F7556}") = "Metalama.Patterns.Caching.Backends.Redis", "src\Metalama.Patterns.Caching.Backends.Redis\Metalama.Patterns.Caching.Backends.Redis.csproj", "{3152D01C-5F38-4A21-830E-613A17C4BC80}"
EndProject
Project("{9A19103F-16F7-4668-BE54-9A1E7A4F7556}") = "Metalama.Patterns.Caching.TestHelpers", "src\tests\Metalama.Patterns.Caching.TestHelpers\Metalama.Patterns.Caching.TestHelpers.csproj", "{97CE6AEE-F92D-4C54-A4CF-5C965D39BC9E}"
EndProject
Project("{9A19103F-16F7-4668-BE54-9A1E7A4F7556}") = "Metalama.Patterns.Caching.UnitTests", "src\tests\Metalama.Patterns.Caching.UnitTests\Metalama.Patterns.Caching.UnitTests.csproj", "{6897EC23-D34B-4FC8-AAA0-9B0D9F9EC00A}"
EndProject
Project("{9A19103F-16F7-4668-BE54-9A1E7A4F7556}") = "Metalama.Patterns.Caching.AspectTests", "src\tests\Metalama.Patterns.Caching.AspectTests\Metalama.Patterns.Caching.AspectTests.csproj", "{00C90E9E-93A3-490D-9BC4-D738F922811C}"
EndProject
Project("{9A19103F-16F7-4668-BE54-9A1E7A4F7556}") = "Metalama.Patterns.Caching.LoadTests", "src\tests\Metalama.Patterns.Caching.LoadTests\Metalama.Patterns.Caching.LoadTests.csproj", "{7021F96E-F2D8-4C31-83E2-4511ED59E8C7}"
EndProject
Project("{FAE04EC0-301F-11D3-BF4B-00C04F79EFBC}") = "Metalama.Patterns.TestHelpers", "src\tests\Metalama.Patterns.TestHelpers\Metalama.Patterns.TestHelpers.csproj", "{5F9908DA-29F6-4761-95C9-805182195BCA}"
EndProject
Project("{FAE04EC0-301F-11D3-BF4B-00C04F79EFBC}") = "Metalama.Patterns.Caching.Aspects", "src\Metalama.Patterns.Caching.Aspects\Metalama.Patterns.Caching.Aspects.csproj", "{292E6D16-1677-46CE-BB82-7084E8DEC33C}"
EndProject
Global
	GlobalSection(SolutionConfigurationPlatforms) = preSolution
		Debug|Any CPU = Debug|Any CPU
		LamaDebug|Any CPU = LamaDebug|Any CPU
		Release|Any CPU = Release|Any CPU
	EndGlobalSection
	GlobalSection(ProjectConfigurationPlatforms) = postSolution
		{12E3DA18-78CA-4602-A303-FDA7EE940C1B}.Debug|Any CPU.ActiveCfg = Debug|Any CPU
		{12E3DA18-78CA-4602-A303-FDA7EE940C1B}.Debug|Any CPU.Build.0 = Debug|Any CPU
		{12E3DA18-78CA-4602-A303-FDA7EE940C1B}.LamaDebug|Any CPU.ActiveCfg = LamaDebug|Any CPU
		{12E3DA18-78CA-4602-A303-FDA7EE940C1B}.LamaDebug|Any CPU.Build.0 = LamaDebug|Any CPU
		{12E3DA18-78CA-4602-A303-FDA7EE940C1B}.Release|Any CPU.ActiveCfg = Release|Any CPU
		{12E3DA18-78CA-4602-A303-FDA7EE940C1B}.Release|Any CPU.Build.0 = Release|Any CPU
		{C972CEEA-60FA-4DD4-BEEC-A5FDDF451D50}.Debug|Any CPU.ActiveCfg = Debug|Any CPU
		{C972CEEA-60FA-4DD4-BEEC-A5FDDF451D50}.Debug|Any CPU.Build.0 = Debug|Any CPU
		{C972CEEA-60FA-4DD4-BEEC-A5FDDF451D50}.LamaDebug|Any CPU.ActiveCfg = LamaDebug|Any CPU
		{C972CEEA-60FA-4DD4-BEEC-A5FDDF451D50}.LamaDebug|Any CPU.Build.0 = LamaDebug|Any CPU
		{C972CEEA-60FA-4DD4-BEEC-A5FDDF451D50}.Release|Any CPU.ActiveCfg = Release|Any CPU
		{C972CEEA-60FA-4DD4-BEEC-A5FDDF451D50}.Release|Any CPU.Build.0 = Release|Any CPU
		{1AA4A67D-1A09-4E67-A1B5-4A34C1AAF7EB}.Debug|Any CPU.ActiveCfg = Debug|Any CPU
		{1AA4A67D-1A09-4E67-A1B5-4A34C1AAF7EB}.Debug|Any CPU.Build.0 = Debug|Any CPU
		{1AA4A67D-1A09-4E67-A1B5-4A34C1AAF7EB}.LamaDebug|Any CPU.ActiveCfg = LamaDebug|Any CPU
		{1AA4A67D-1A09-4E67-A1B5-4A34C1AAF7EB}.LamaDebug|Any CPU.Build.0 = LamaDebug|Any CPU
		{1AA4A67D-1A09-4E67-A1B5-4A34C1AAF7EB}.Release|Any CPU.ActiveCfg = Release|Any CPU
		{1AA4A67D-1A09-4E67-A1B5-4A34C1AAF7EB}.Release|Any CPU.Build.0 = Release|Any CPU
		{DE1E2AA5-3AD6-4220-9473-8051B8EB774E}.Debug|Any CPU.ActiveCfg = Debug|Any CPU
		{DE1E2AA5-3AD6-4220-9473-8051B8EB774E}.Debug|Any CPU.Build.0 = Debug|Any CPU
		{DE1E2AA5-3AD6-4220-9473-8051B8EB774E}.LamaDebug|Any CPU.ActiveCfg = Debug|Any CPU
		{DE1E2AA5-3AD6-4220-9473-8051B8EB774E}.LamaDebug|Any CPU.Build.0 = Debug|Any CPU
		{DE1E2AA5-3AD6-4220-9473-8051B8EB774E}.Release|Any CPU.ActiveCfg = Release|Any CPU
		{DE1E2AA5-3AD6-4220-9473-8051B8EB774E}.Release|Any CPU.Build.0 = Release|Any CPU
		{B4DEDFF6-9BBC-4C2B-90BB-7A1C8473CDC0}.Debug|Any CPU.ActiveCfg = Debug|Any CPU
		{B4DEDFF6-9BBC-4C2B-90BB-7A1C8473CDC0}.Debug|Any CPU.Build.0 = Debug|Any CPU
		{B4DEDFF6-9BBC-4C2B-90BB-7A1C8473CDC0}.LamaDebug|Any CPU.ActiveCfg = Debug|Any CPU
		{B4DEDFF6-9BBC-4C2B-90BB-7A1C8473CDC0}.LamaDebug|Any CPU.Build.0 = Debug|Any CPU
		{B4DEDFF6-9BBC-4C2B-90BB-7A1C8473CDC0}.Release|Any CPU.ActiveCfg = Release|Any CPU
		{B4DEDFF6-9BBC-4C2B-90BB-7A1C8473CDC0}.Release|Any CPU.Build.0 = Release|Any CPU
		{2F65B1B4-6FD2-40A9-A293-437FF620157E}.Debug|Any CPU.ActiveCfg = Debug|Any CPU
		{2F65B1B4-6FD2-40A9-A293-437FF620157E}.Debug|Any CPU.Build.0 = Debug|Any CPU
		{2F65B1B4-6FD2-40A9-A293-437FF620157E}.LamaDebug|Any CPU.ActiveCfg = Debug|Any CPU
		{2F65B1B4-6FD2-40A9-A293-437FF620157E}.LamaDebug|Any CPU.Build.0 = Debug|Any CPU
		{2F65B1B4-6FD2-40A9-A293-437FF620157E}.Release|Any CPU.ActiveCfg = Release|Any CPU
		{2F65B1B4-6FD2-40A9-A293-437FF620157E}.Release|Any CPU.Build.0 = Release|Any CPU
		{900FC057-DB84-486F-81C2-ED3F8D284E61}.Debug|Any CPU.ActiveCfg = Debug|Any CPU
		{900FC057-DB84-486F-81C2-ED3F8D284E61}.Debug|Any CPU.Build.0 = Debug|Any CPU
		{900FC057-DB84-486F-81C2-ED3F8D284E61}.LamaDebug|Any CPU.ActiveCfg = Debug|Any CPU
		{900FC057-DB84-486F-81C2-ED3F8D284E61}.LamaDebug|Any CPU.Build.0 = Debug|Any CPU
		{900FC057-DB84-486F-81C2-ED3F8D284E61}.Release|Any CPU.ActiveCfg = Release|Any CPU
		{900FC057-DB84-486F-81C2-ED3F8D284E61}.Release|Any CPU.Build.0 = Release|Any CPU
		{84209D4B-E033-4F2E-8E87-7AEA55A36E4C}.Debug|Any CPU.ActiveCfg = Debug|Any CPU
		{84209D4B-E033-4F2E-8E87-7AEA55A36E4C}.Debug|Any CPU.Build.0 = Debug|Any CPU
		{84209D4B-E033-4F2E-8E87-7AEA55A36E4C}.LamaDebug|Any CPU.ActiveCfg = LamaDebug|Any CPU
		{84209D4B-E033-4F2E-8E87-7AEA55A36E4C}.LamaDebug|Any CPU.Build.0 = LamaDebug|Any CPU
		{84209D4B-E033-4F2E-8E87-7AEA55A36E4C}.Release|Any CPU.ActiveCfg = Release|Any CPU
		{84209D4B-E033-4F2E-8E87-7AEA55A36E4C}.Release|Any CPU.Build.0 = Release|Any CPU
		{ECDEC749-B34B-4BE2-AEEF-55C85CD6A82D}.Debug|Any CPU.ActiveCfg = Debug|Any CPU
		{ECDEC749-B34B-4BE2-AEEF-55C85CD6A82D}.Debug|Any CPU.Build.0 = Debug|Any CPU
		{ECDEC749-B34B-4BE2-AEEF-55C85CD6A82D}.LamaDebug|Any CPU.ActiveCfg = LamaDebug|Any CPU
		{ECDEC749-B34B-4BE2-AEEF-55C85CD6A82D}.LamaDebug|Any CPU.Build.0 = LamaDebug|Any CPU
		{ECDEC749-B34B-4BE2-AEEF-55C85CD6A82D}.Release|Any CPU.ActiveCfg = Release|Any CPU
		{ECDEC749-B34B-4BE2-AEEF-55C85CD6A82D}.Release|Any CPU.Build.0 = Release|Any CPU
		{3152D01C-5F38-4A21-830E-613A17C4BC80}.Debug|Any CPU.ActiveCfg = Debug|Any CPU
		{3152D01C-5F38-4A21-830E-613A17C4BC80}.Debug|Any CPU.Build.0 = Debug|Any CPU
		{3152D01C-5F38-4A21-830E-613A17C4BC80}.LamaDebug|Any CPU.ActiveCfg = LamaDebug|Any CPU
		{3152D01C-5F38-4A21-830E-613A17C4BC80}.LamaDebug|Any CPU.Build.0 = LamaDebug|Any CPU
		{3152D01C-5F38-4A21-830E-613A17C4BC80}.Release|Any CPU.ActiveCfg = Release|Any CPU
		{3152D01C-5F38-4A21-830E-613A17C4BC80}.Release|Any CPU.Build.0 = Release|Any CPU
		{97CE6AEE-F92D-4C54-A4CF-5C965D39BC9E}.Debug|Any CPU.ActiveCfg = Debug|Any CPU
		{97CE6AEE-F92D-4C54-A4CF-5C965D39BC9E}.Debug|Any CPU.Build.0 = Debug|Any CPU
		{97CE6AEE-F92D-4C54-A4CF-5C965D39BC9E}.LamaDebug|Any CPU.ActiveCfg = LamaDebug|Any CPU
		{97CE6AEE-F92D-4C54-A4CF-5C965D39BC9E}.LamaDebug|Any CPU.Build.0 = LamaDebug|Any CPU
		{97CE6AEE-F92D-4C54-A4CF-5C965D39BC9E}.Release|Any CPU.ActiveCfg = Release|Any CPU
		{97CE6AEE-F92D-4C54-A4CF-5C965D39BC9E}.Release|Any CPU.Build.0 = Release|Any CPU
		{6897EC23-D34B-4FC8-AAA0-9B0D9F9EC00A}.Debug|Any CPU.ActiveCfg = Debug|Any CPU
		{6897EC23-D34B-4FC8-AAA0-9B0D9F9EC00A}.Debug|Any CPU.Build.0 = Debug|Any CPU
		{6897EC23-D34B-4FC8-AAA0-9B0D9F9EC00A}.LamaDebug|Any CPU.ActiveCfg = LamaDebug|Any CPU
		{6897EC23-D34B-4FC8-AAA0-9B0D9F9EC00A}.LamaDebug|Any CPU.Build.0 = LamaDebug|Any CPU
		{6897EC23-D34B-4FC8-AAA0-9B0D9F9EC00A}.Release|Any CPU.ActiveCfg = Release|Any CPU
		{6897EC23-D34B-4FC8-AAA0-9B0D9F9EC00A}.Release|Any CPU.Build.0 = Release|Any CPU
		{00C90E9E-93A3-490D-9BC4-D738F922811C}.Debug|Any CPU.ActiveCfg = Debug|Any CPU
		{00C90E9E-93A3-490D-9BC4-D738F922811C}.Debug|Any CPU.Build.0 = Debug|Any CPU
		{00C90E9E-93A3-490D-9BC4-D738F922811C}.LamaDebug|Any CPU.ActiveCfg = LamaDebug|Any CPU
		{00C90E9E-93A3-490D-9BC4-D738F922811C}.LamaDebug|Any CPU.Build.0 = LamaDebug|Any CPU
		{00C90E9E-93A3-490D-9BC4-D738F922811C}.Release|Any CPU.ActiveCfg = Release|Any CPU
		{00C90E9E-93A3-490D-9BC4-D738F922811C}.Release|Any CPU.Build.0 = Release|Any CPU
		{7021F96E-F2D8-4C31-83E2-4511ED59E8C7}.Debug|Any CPU.ActiveCfg = Debug|Any CPU
		{7021F96E-F2D8-4C31-83E2-4511ED59E8C7}.Debug|Any CPU.Build.0 = Debug|Any CPU
		{7021F96E-F2D8-4C31-83E2-4511ED59E8C7}.LamaDebug|Any CPU.ActiveCfg = Debug|Any CPU
		{7021F96E-F2D8-4C31-83E2-4511ED59E8C7}.LamaDebug|Any CPU.Build.0 = Debug|Any CPU
		{7021F96E-F2D8-4C31-83E2-4511ED59E8C7}.Release|Any CPU.ActiveCfg = Release|Any CPU
		{7021F96E-F2D8-4C31-83E2-4511ED59E8C7}.Release|Any CPU.Build.0 = Release|Any CPU
		{5F9908DA-29F6-4761-95C9-805182195BCA}.Debug|Any CPU.ActiveCfg = Debug|Any CPU
		{5F9908DA-29F6-4761-95C9-805182195BCA}.Debug|Any CPU.Build.0 = Debug|Any CPU
		{5F9908DA-29F6-4761-95C9-805182195BCA}.LamaDebug|Any CPU.ActiveCfg = Debug|Any CPU
		{5F9908DA-29F6-4761-95C9-805182195BCA}.LamaDebug|Any CPU.Build.0 = Debug|Any CPU
		{5F9908DA-29F6-4761-95C9-805182195BCA}.Release|Any CPU.ActiveCfg = Release|Any CPU
		{5F9908DA-29F6-4761-95C9-805182195BCA}.Release|Any CPU.Build.0 = Release|Any CPU
		{292E6D16-1677-46CE-BB82-7084E8DEC33C}.Debug|Any CPU.ActiveCfg = Debug|Any CPU
		{292E6D16-1677-46CE-BB82-7084E8DEC33C}.Debug|Any CPU.Build.0 = Debug|Any CPU
		{292E6D16-1677-46CE-BB82-7084E8DEC33C}.LamaDebug|Any CPU.ActiveCfg = LamaDebug|Any CPU
		{292E6D16-1677-46CE-BB82-7084E8DEC33C}.LamaDebug|Any CPU.Build.0 = LamaDebug|Any CPU
		{292E6D16-1677-46CE-BB82-7084E8DEC33C}.Release|Any CPU.ActiveCfg = Release|Any CPU
		{292E6D16-1677-46CE-BB82-7084E8DEC33C}.Release|Any CPU.Build.0 = Release|Any CPU
	EndGlobalSection
	GlobalSection(SolutionProperties) = preSolution
		HideSolutionNode = FALSE
	EndGlobalSection
	GlobalSection(NestedProjects) = preSolution
		{C972CEEA-60FA-4DD4-BEEC-A5FDDF451D50} = {E12768A6-6B76-489F-8328-AECDFD8BC558}
		{1AA4A67D-1A09-4E67-A1B5-4A34C1AAF7EB} = {E12768A6-6B76-489F-8328-AECDFD8BC558}
		{B4DEDFF6-9BBC-4C2B-90BB-7A1C8473CDC0} = {E12768A6-6B76-489F-8328-AECDFD8BC558}
		{900FC057-DB84-486F-81C2-ED3F8D284E61} = {E12768A6-6B76-489F-8328-AECDFD8BC558}
		{97CE6AEE-F92D-4C54-A4CF-5C965D39BC9E} = {E12768A6-6B76-489F-8328-AECDFD8BC558}
		{6897EC23-D34B-4FC8-AAA0-9B0D9F9EC00A} = {E12768A6-6B76-489F-8328-AECDFD8BC558}
		{00C90E9E-93A3-490D-9BC4-D738F922811C} = {E12768A6-6B76-489F-8328-AECDFD8BC558}
		{7021F96E-F2D8-4C31-83E2-4511ED59E8C7} = {E12768A6-6B76-489F-8328-AECDFD8BC558}
		{5F9908DA-29F6-4761-95C9-805182195BCA} = {E12768A6-6B76-489F-8328-AECDFD8BC558}
	EndGlobalSection
	GlobalSection(ExtensibilityGlobals) = postSolution
		SolutionGuid = {2DC2B6F6-5623-43F8-BBBB-ED8072670A80}
	EndGlobalSection
EndGlobal
