
Microsoft Visual Studio Solution File, Format Version 12.00
# Visual Studio Version 17
VisualStudioVersion = 17.6.33723.286
MinimumVisualStudioVersion = 10.0.40219.1
Project("{9A19103F-16F7-4668-BE54-9A1E7A4F7556}") = "Metalama.Patterns.Contracts", "src\Metalama.Patterns.Contracts\Metalama.Patterns.Contracts.csproj", "{12E3DA18-78CA-4602-A303-FDA7EE940C1B}"
EndProject
Project("{2150E333-8FDC-42A3-9474-1A3956D46DE8}") = "Tests", "Tests", "{E12768A6-6B76-489F-8328-AECDFD8BC558}"
EndProject
Project("{9A19103F-16F7-4668-BE54-9A1E7A4F7556}") = "Metalama.Patterns.Contracts.UnitTests", "src\tests\Metalama.Patterns.Contracts.UnitTests\Metalama.Patterns.Contracts.UnitTests.csproj", "{C972CEEA-60FA-4DD4-BEEC-A5FDDF451D50}"
EndProject
Project("{9A19103F-16F7-4668-BE54-9A1E7A4F7556}") = "Metalama.Patterns.Contracts.AspectTests", "src\tests\Metalama.Patterns.Contracts.AspectTests\Metalama.Patterns.Contracts.AspectTests.csproj", "{1AA4A67D-1A09-4E67-A1B5-4A34C1AAF7EB}"
EndProject
Project("{9A19103F-16F7-4668-BE54-9A1E7A4F7556}") = "Flashtrace.Formatters", "src\Flashtrace.Formatters\Flashtrace.Formatters.csproj", "{DE1E2AA5-3AD6-4220-9473-8051B8EB774E}"
EndProject
Project("{9A19103F-16F7-4668-BE54-9A1E7A4F7556}") = "Flashtrace.Formatters.UnitTests", "src\tests\Flashtrace.Formatters.UnitTests\Flashtrace.Formatters.UnitTests.csproj", "{B4DEDFF6-9BBC-4C2B-90BB-7A1C8473CDC0}"
EndProject
Project("{9A19103F-16F7-4668-BE54-9A1E7A4F7556}") = "Flashtrace", "src\Flashtrace\Flashtrace.csproj", "{2F65B1B4-6FD2-40A9-A293-437FF620157E}"
EndProject
Project("{9A19103F-16F7-4668-BE54-9A1E7A4F7556}") = "Flashtrace.UnitTests", "src\tests\Flashtrace.UnitTests\Flashtrace.UnitTests.csproj", "{900FC057-DB84-486F-81C2-ED3F8D284E61}"
EndProject
Project("{9A19103F-16F7-4668-BE54-9A1E7A4F7556}") = "Metalama.Patterns.Caching", "src\Metalama.Patterns.Caching\Metalama.Patterns.Caching.csproj", "{84209D4B-E033-4F2E-8E87-7AEA55A36E4C}"
EndProject
Project("{9A19103F-16F7-4668-BE54-9A1E7A4F7556}") = "Metalama.Patterns.Caching.Backends.Azure", "src\Metalama.Patterns.Caching.Backends.Azure\Metalama.Patterns.Caching.Backends.Azure.csproj", "{ECDEC749-B34B-4BE2-AEEF-55C85CD6A82D}"
EndProject
Project("{9A19103F-16F7-4668-BE54-9A1E7A4F7556}") = "Metalama.Patterns.Caching.Backends.IMemoryCache", "src\Metalama.Patterns.Caching.Backends.IMemoryCache\Metalama.Patterns.Caching.Backends.IMemoryCache.csproj", "{E66B1524-CB35-45C8-835D-4749E7A50C83}"
EndProject
Project("{9A19103F-16F7-4668-BE54-9A1E7A4F7556}") = "Metalama.Patterns.Caching.Backends.Redis", "src\Metalama.Patterns.Caching.Backends.Redis\Metalama.Patterns.Caching.Backends.Redis.csproj", "{3152D01C-5F38-4A21-830E-613A17C4BC80}"
EndProject
Project("{9A19103F-16F7-4668-BE54-9A1E7A4F7556}") = "Metalama.Patterns.Caching.Experiments", "src\tests\Metalama.Patterns.Caching.Experiments\Metalama.Patterns.Caching.Experiments.csproj", "{0987952C-F219-43F5-9068-9C515F93CC08}"
EndProject
Project("{9A19103F-16F7-4668-BE54-9A1E7A4F7556}") = "Metalama.Patterns.Caching.Tests", "src\tests\Metalama.Patterns.Caching.Tests\Metalama.Patterns.Caching.Tests.csproj", "{72576ABA-5439-45D6-B2E7-B1826961AE24}"
EndProject
Project("{9A19103F-16F7-4668-BE54-9A1E7A4F7556}") = "Metalama.Patterns.Caching.TestHelpers", "src\tests\Metalama.Patterns.Caching.TestHelpers\Metalama.Patterns.Caching.TestHelpers.csproj", "{97CE6AEE-F92D-4C54-A4CF-5C965D39BC9E}"
EndProject
Global
	GlobalSection(SolutionConfigurationPlatforms) = preSolution
		Debug|Any CPU = Debug|Any CPU
		LamaDebug|Any CPU = LamaDebug|Any CPU
		Release|Any CPU = Release|Any CPU
	EndGlobalSection
	GlobalSection(ProjectConfigurationPlatforms) = postSolution
		{12E3DA18-78CA-4602-A303-FDA7EE940C1B}.Debug|Any CPU.ActiveCfg = Debug|Any CPU
		{12E3DA18-78CA-4602-A303-FDA7EE940C1B}.Debug|Any CPU.Build.0 = Debug|Any CPU
		{12E3DA18-78CA-4602-A303-FDA7EE940C1B}.LamaDebug|Any CPU.ActiveCfg = LamaDebug|Any CPU
		{12E3DA18-78CA-4602-A303-FDA7EE940C1B}.LamaDebug|Any CPU.Build.0 = LamaDebug|Any CPU
		{12E3DA18-78CA-4602-A303-FDA7EE940C1B}.Release|Any CPU.ActiveCfg = Release|Any CPU
		{12E3DA18-78CA-4602-A303-FDA7EE940C1B}.Release|Any CPU.Build.0 = Release|Any CPU
		{C972CEEA-60FA-4DD4-BEEC-A5FDDF451D50}.Debug|Any CPU.ActiveCfg = Debug|Any CPU
		{C972CEEA-60FA-4DD4-BEEC-A5FDDF451D50}.Debug|Any CPU.Build.0 = Debug|Any CPU
		{C972CEEA-60FA-4DD4-BEEC-A5FDDF451D50}.LamaDebug|Any CPU.ActiveCfg = LamaDebug|Any CPU
		{C972CEEA-60FA-4DD4-BEEC-A5FDDF451D50}.LamaDebug|Any CPU.Build.0 = LamaDebug|Any CPU
		{C972CEEA-60FA-4DD4-BEEC-A5FDDF451D50}.Release|Any CPU.ActiveCfg = Release|Any CPU
		{C972CEEA-60FA-4DD4-BEEC-A5FDDF451D50}.Release|Any CPU.Build.0 = Release|Any CPU
		{1AA4A67D-1A09-4E67-A1B5-4A34C1AAF7EB}.Debug|Any CPU.ActiveCfg = Debug|Any CPU
		{1AA4A67D-1A09-4E67-A1B5-4A34C1AAF7EB}.Debug|Any CPU.Build.0 = Debug|Any CPU
		{1AA4A67D-1A09-4E67-A1B5-4A34C1AAF7EB}.LamaDebug|Any CPU.ActiveCfg = LamaDebug|Any CPU
		{1AA4A67D-1A09-4E67-A1B5-4A34C1AAF7EB}.LamaDebug|Any CPU.Build.0 = LamaDebug|Any CPU
		{1AA4A67D-1A09-4E67-A1B5-4A34C1AAF7EB}.Release|Any CPU.ActiveCfg = Release|Any CPU
		{1AA4A67D-1A09-4E67-A1B5-4A34C1AAF7EB}.Release|Any CPU.Build.0 = Release|Any CPU
		{DE1E2AA5-3AD6-4220-9473-8051B8EB774E}.Debug|Any CPU.ActiveCfg = Debug|Any CPU
		{DE1E2AA5-3AD6-4220-9473-8051B8EB774E}.Debug|Any CPU.Build.0 = Debug|Any CPU
		{DE1E2AA5-3AD6-4220-9473-8051B8EB774E}.LamaDebug|Any CPU.ActiveCfg = Debug|Any CPU
		{DE1E2AA5-3AD6-4220-9473-8051B8EB774E}.LamaDebug|Any CPU.Build.0 = Debug|Any CPU
		{DE1E2AA5-3AD6-4220-9473-8051B8EB774E}.Release|Any CPU.ActiveCfg = Release|Any CPU
		{DE1E2AA5-3AD6-4220-9473-8051B8EB774E}.Release|Any CPU.Build.0 = Release|Any CPU
		{B4DEDFF6-9BBC-4C2B-90BB-7A1C8473CDC0}.Debug|Any CPU.ActiveCfg = Debug|Any CPU
		{B4DEDFF6-9BBC-4C2B-90BB-7A1C8473CDC0}.Debug|Any CPU.Build.0 = Debug|Any CPU
		{B4DEDFF6-9BBC-4C2B-90BB-7A1C8473CDC0}.LamaDebug|Any CPU.ActiveCfg = Debug|Any CPU
		{B4DEDFF6-9BBC-4C2B-90BB-7A1C8473CDC0}.LamaDebug|Any CPU.Build.0 = Debug|Any CPU
		{B4DEDFF6-9BBC-4C2B-90BB-7A1C8473CDC0}.Release|Any CPU.ActiveCfg = Release|Any CPU
		{B4DEDFF6-9BBC-4C2B-90BB-7A1C8473CDC0}.Release|Any CPU.Build.0 = Release|Any CPU
		{2F65B1B4-6FD2-40A9-A293-437FF620157E}.Debug|Any CPU.ActiveCfg = Debug|Any CPU
		{2F65B1B4-6FD2-40A9-A293-437FF620157E}.Debug|Any CPU.Build.0 = Debug|Any CPU
		{2F65B1B4-6FD2-40A9-A293-437FF620157E}.LamaDebug|Any CPU.ActiveCfg = Debug|Any CPU
		{2F65B1B4-6FD2-40A9-A293-437FF620157E}.LamaDebug|Any CPU.Build.0 = Debug|Any CPU
		{2F65B1B4-6FD2-40A9-A293-437FF620157E}.Release|Any CPU.ActiveCfg = Release|Any CPU
		{2F65B1B4-6FD2-40A9-A293-437FF620157E}.Release|Any CPU.Build.0 = Release|Any CPU
		{900FC057-DB84-486F-81C2-ED3F8D284E61}.Debug|Any CPU.ActiveCfg = Debug|Any CPU
		{900FC057-DB84-486F-81C2-ED3F8D284E61}.Debug|Any CPU.Build.0 = Debug|Any CPU
		{900FC057-DB84-486F-81C2-ED3F8D284E61}.LamaDebug|Any CPU.ActiveCfg = Debug|Any CPU
		{900FC057-DB84-486F-81C2-ED3F8D284E61}.LamaDebug|Any CPU.Build.0 = Debug|Any CPU
		{900FC057-DB84-486F-81C2-ED3F8D284E61}.Release|Any CPU.ActiveCfg = Release|Any CPU
		{900FC057-DB84-486F-81C2-ED3F8D284E61}.Release|Any CPU.Build.0 = Release|Any CPU
		{84209D4B-E033-4F2E-8E87-7AEA55A36E4C}.Debug|Any CPU.ActiveCfg = Debug|Any CPU
		{84209D4B-E033-4F2E-8E87-7AEA55A36E4C}.Debug|Any CPU.Build.0 = Debug|Any CPU
		{84209D4B-E033-4F2E-8E87-7AEA55A36E4C}.LamaDebug|Any CPU.ActiveCfg = LamaDebug|Any CPU
		{84209D4B-E033-4F2E-8E87-7AEA55A36E4C}.LamaDebug|Any CPU.Build.0 = LamaDebug|Any CPU
		{84209D4B-E033-4F2E-8E87-7AEA55A36E4C}.Release|Any CPU.ActiveCfg = Release|Any CPU
		{84209D4B-E033-4F2E-8E87-7AEA55A36E4C}.Release|Any CPU.Build.0 = Release|Any CPU
		{ECDEC749-B34B-4BE2-AEEF-55C85CD6A82D}.Debug|Any CPU.ActiveCfg = Debug|Any CPU
		{ECDEC749-B34B-4BE2-AEEF-55C85CD6A82D}.Debug|Any CPU.Build.0 = Debug|Any CPU
		{ECDEC749-B34B-4BE2-AEEF-55C85CD6A82D}.LamaDebug|Any CPU.ActiveCfg = LamaDebug|Any CPU
		{ECDEC749-B34B-4BE2-AEEF-55C85CD6A82D}.LamaDebug|Any CPU.Build.0 = LamaDebug|Any CPU
		{ECDEC749-B34B-4BE2-AEEF-55C85CD6A82D}.Release|Any CPU.ActiveCfg = Release|Any CPU
		{ECDEC749-B34B-4BE2-AEEF-55C85CD6A82D}.Release|Any CPU.Build.0 = Release|Any CPU
		{E66B1524-CB35-45C8-835D-4749E7A50C83}.Debug|Any CPU.ActiveCfg = Debug|Any CPU
		{E66B1524-CB35-45C8-835D-4749E7A50C83}.Debug|Any CPU.Build.0 = Debug|Any CPU
		{E66B1524-CB35-45C8-835D-4749E7A50C83}.LamaDebug|Any CPU.ActiveCfg = LamaDebug|Any CPU
		{E66B1524-CB35-45C8-835D-4749E7A50C83}.LamaDebug|Any CPU.Build.0 = LamaDebug|Any CPU
		{E66B1524-CB35-45C8-835D-4749E7A50C83}.Release|Any CPU.ActiveCfg = Release|Any CPU
		{E66B1524-CB35-45C8-835D-4749E7A50C83}.Release|Any CPU.Build.0 = Release|Any CPU
		{3152D01C-5F38-4A21-830E-613A17C4BC80}.Debug|Any CPU.ActiveCfg = Debug|Any CPU
		{3152D01C-5F38-4A21-830E-613A17C4BC80}.Debug|Any CPU.Build.0 = Debug|Any CPU
		{3152D01C-5F38-4A21-830E-613A17C4BC80}.LamaDebug|Any CPU.ActiveCfg = LamaDebug|Any CPU
		{3152D01C-5F38-4A21-830E-613A17C4BC80}.LamaDebug|Any CPU.Build.0 = LamaDebug|Any CPU
		{3152D01C-5F38-4A21-830E-613A17C4BC80}.Release|Any CPU.ActiveCfg = Release|Any CPU
		{3152D01C-5F38-4A21-830E-613A17C4BC80}.Release|Any CPU.Build.0 = Release|Any CPU
		{0987952C-F219-43F5-9068-9C515F93CC08}.Debug|Any CPU.ActiveCfg = Debug|Any CPU
		{0987952C-F219-43F5-9068-9C515F93CC08}.Debug|Any CPU.Build.0 = Debug|Any CPU
		{0987952C-F219-43F5-9068-9C515F93CC08}.LamaDebug|Any CPU.ActiveCfg = LamaDebug|Any CPU
		{0987952C-F219-43F5-9068-9C515F93CC08}.LamaDebug|Any CPU.Build.0 = LamaDebug|Any CPU
		{0987952C-F219-43F5-9068-9C515F93CC08}.Release|Any CPU.ActiveCfg = Release|Any CPU
		{0987952C-F219-43F5-9068-9C515F93CC08}.Release|Any CPU.Build.0 = Release|Any CPU
		{72576ABA-5439-45D6-B2E7-B1826961AE24}.Debug|Any CPU.ActiveCfg = Debug|Any CPU
		{72576ABA-5439-45D6-B2E7-B1826961AE24}.Debug|Any CPU.Build.0 = Debug|Any CPU
		{72576ABA-5439-45D6-B2E7-B1826961AE24}.LamaDebug|Any CPU.ActiveCfg = LamaDebug|Any CPU
		{72576ABA-5439-45D6-B2E7-B1826961AE24}.LamaDebug|Any CPU.Build.0 = LamaDebug|Any CPU
		{72576ABA-5439-45D6-B2E7-B1826961AE24}.Release|Any CPU.ActiveCfg = Release|Any CPU
		{72576ABA-5439-45D6-B2E7-B1826961AE24}.Release|Any CPU.Build.0 = Release|Any CPU
		{97CE6AEE-F92D-4C54-A4CF-5C965D39BC9E}.Debug|Any CPU.ActiveCfg = Debug|Any CPU
		{97CE6AEE-F92D-4C54-A4CF-5C965D39BC9E}.Debug|Any CPU.Build.0 = Debug|Any CPU
		{97CE6AEE-F92D-4C54-A4CF-5C965D39BC9E}.LamaDebug|Any CPU.ActiveCfg = LamaDebug|Any CPU
		{97CE6AEE-F92D-4C54-A4CF-5C965D39BC9E}.LamaDebug|Any CPU.Build.0 = LamaDebug|Any CPU
		{97CE6AEE-F92D-4C54-A4CF-5C965D39BC9E}.Release|Any CPU.ActiveCfg = Release|Any CPU
		{97CE6AEE-F92D-4C54-A4CF-5C965D39BC9E}.Release|Any CPU.Build.0 = Release|Any CPU
	EndGlobalSection
	GlobalSection(SolutionProperties) = preSolution
		HideSolutionNode = FALSE
	EndGlobalSection
	GlobalSection(NestedProjects) = preSolution
		{C972CEEA-60FA-4DD4-BEEC-A5FDDF451D50} = {E12768A6-6B76-489F-8328-AECDFD8BC558}
		{1AA4A67D-1A09-4E67-A1B5-4A34C1AAF7EB} = {E12768A6-6B76-489F-8328-AECDFD8BC558}
		{B4DEDFF6-9BBC-4C2B-90BB-7A1C8473CDC0} = {E12768A6-6B76-489F-8328-AECDFD8BC558}
		{900FC057-DB84-486F-81C2-ED3F8D284E61} = {E12768A6-6B76-489F-8328-AECDFD8BC558}
		{0987952C-F219-43F5-9068-9C515F93CC08} = {E12768A6-6B76-489F-8328-AECDFD8BC558}
		{72576ABA-5439-45D6-B2E7-B1826961AE24} = {E12768A6-6B76-489F-8328-AECDFD8BC558}
		{97CE6AEE-F92D-4C54-A4CF-5C965D39BC9E} = {E12768A6-6B76-489F-8328-AECDFD8BC558}
	EndGlobalSection
	GlobalSection(ExtensibilityGlobals) = postSolution
		SolutionGuid = {2DC2B6F6-5623-43F8-BBBB-ED8072670A80}
	EndGlobalSection
EndGlobal
