
Microsoft Visual Studio Solution File, Format Version 12.00
# Visual Studio Version 17
VisualStudioVersion = 17.0.31912.275
MinimumVisualStudioVersion = 10.0.40219.1
Project("{9A19103F-16F7-4668-BE54-9A1E7A4F7556}") = "MyProduct", "My.Product\My.Product.csproj", "{028FD16B-BF1B-477B-ADF3-AE5B668C2557}"
EndProject
Global
	GlobalSection(SolutionConfigurationPlatforms) = preSolution
		Debug|Any CPU = Debug|Any CPU
		Release|Any CPU = Release|Any CPU
	EndGlobalSection
	GlobalSection(ProjectConfigurationPlatforms) = postSolution
		{028FD16B-BF1B-477B-ADF3-AE5B668C2557}.Debug|Any CPU.ActiveCfg = Debug|Any CPU
		{028FD16B-BF1B-477B-ADF3-AE5B668C2557}.Debug|Any CPU.Build.0 = Debug|Any CPU
		{028FD16B-BF1B-477B-ADF3-AE5B668C2557}.Release|Any CPU.ActiveCfg = Release|Any CPU
		{028FD16B-BF1B-477B-ADF3-AE5B668C2557}.Release|Any CPU.Build.0 = Release|Any CPU
	EndGlobalSection
	GlobalSection(SolutionProperties) = preSolution
		HideSolutionNode = FALSE
	EndGlobalSection
	GlobalSection(ExtensibilityGlobals) = postSolution
		SolutionGuid = {40D2FBCB-DC9E-4CF3-AA05-9A42E9210D2C}
	EndGlobalSection
EndGlobal
